
Microsoft Visual Studio Solution File, Format Version 12.00
# Visual Studio Version 16
VisualStudioVersion = 16.0.31515.178
MinimumVisualStudioVersion = 10.0.40219.1
Project("{9A19103F-16F7-4668-BE54-9A1E7A4F7556}") = "FitnessApp.ApiGateway", "FitnessApp.ApiGateway\FitnessApp.ApiGateway.csproj", "{DB9FD282-7FE3-4ED4-8F7E-CC1E06E4FB0E}"
EndProject
Global
	GlobalSection(SolutionConfigurationPlatforms) = preSolution
		Debug|Any CPU = Debug|Any CPU
		Release|Any CPU = Release|Any CPU
	EndGlobalSection
	GlobalSection(ProjectConfigurationPlatforms) = postSolution
		{DB9FD282-7FE3-4ED4-8F7E-CC1E06E4FB0E}.Debug|Any CPU.ActiveCfg = Debug|Any CPU
		{DB9FD282-7FE3-4ED4-8F7E-CC1E06E4FB0E}.Debug|Any CPU.Build.0 = Debug|Any CPU
		{DB9FD282-7FE3-4ED4-8F7E-CC1E06E4FB0E}.Release|Any CPU.ActiveCfg = Release|Any CPU
		{DB9FD282-7FE3-4ED4-8F7E-CC1E06E4FB0E}.Release|Any CPU.Build.0 = Release|Any CPU
	EndGlobalSection
	GlobalSection(SolutionProperties) = preSolution
		HideSolutionNode = FALSE
	EndGlobalSection
	GlobalSection(ExtensibilityGlobals) = postSolution
		SolutionGuid = {206399B7-001E-4EB8-9178-1755729A9229}
	EndGlobalSection
EndGlobal
