
Microsoft Visual Studio Solution File, Format Version 12.00
# Visual Studio Version 17
VisualStudioVersion = 17.6.33829.357
MinimumVisualStudioVersion = 10.0.40219.1
Project("{9A19103F-16F7-4668-BE54-9A1E7A4F7556}") = "FitnessApp.ApiGateway", "FitnessApp.ApiGateway\FitnessApp.ApiGateway.csproj", "{DB9FD282-7FE3-4ED4-8F7E-CC1E06E4FB0E}"
EndProject
Project("{9A19103F-16F7-4668-BE54-9A1E7A4F7556}") = "FitnessApp.Common", "..\FitnessApp.Common\FitnessApp.Common\FitnessApp.Common.csproj", "{10D0EF83-A936-4E72-AD0B-B984C3DB347D}"
EndProject
Project("{9A19103F-16F7-4668-BE54-9A1E7A4F7556}") = "FitnessApp.IdentityServer", "..\FitnessApp.IdentityServer\FitnessApp.IdentityServer\FitnessApp.IdentityServer.csproj", "{CC51AAE6-5088-4AF3-AC64-5B066D1D1647}"
EndProject
Project("{9A19103F-16F7-4668-BE54-9A1E7A4F7556}") = "FitnessApp.SettingsApi", "..\FitnessApp.SettingsApi\FitnessApp.SettingsApi\FitnessApp.SettingsApi.csproj", "{DD1A3693-FFC0-48E3-8730-F1111A6CFFBB}"
EndProject
Project("{9A19103F-16F7-4668-BE54-9A1E7A4F7556}") = "Client", "Client\Client.csproj", "{E0BE3AEC-FF33-4831-9759-0EB3076636EA}"
EndProject
Project("{9A19103F-16F7-4668-BE54-9A1E7A4F7556}") = "FitnessApp.NotificationApi", "..\FitnessApp.NotificationApi\FitnessApp.NotificationApi\FitnessApp.NotificationApi.csproj", "{9B870FD2-8D50-456A-A37D-043A3149291C}"
EndProject
Global
	GlobalSection(SolutionConfigurationPlatforms) = preSolution
		Debug|Any CPU = Debug|Any CPU
		Release|Any CPU = Release|Any CPU
	EndGlobalSection
	GlobalSection(ProjectConfigurationPlatforms) = postSolution
		{DB9FD282-7FE3-4ED4-8F7E-CC1E06E4FB0E}.Debug|Any CPU.ActiveCfg = Debug|Any CPU
		{DB9FD282-7FE3-4ED4-8F7E-CC1E06E4FB0E}.Debug|Any CPU.Build.0 = Debug|Any CPU
		{DB9FD282-7FE3-4ED4-8F7E-CC1E06E4FB0E}.Release|Any CPU.ActiveCfg = Release|Any CPU
		{DB9FD282-7FE3-4ED4-8F7E-CC1E06E4FB0E}.Release|Any CPU.Build.0 = Release|Any CPU
		{10D0EF83-A936-4E72-AD0B-B984C3DB347D}.Debug|Any CPU.ActiveCfg = Debug|Any CPU
		{10D0EF83-A936-4E72-AD0B-B984C3DB347D}.Debug|Any CPU.Build.0 = Debug|Any CPU
		{10D0EF83-A936-4E72-AD0B-B984C3DB347D}.Release|Any CPU.ActiveCfg = Release|Any CPU
		{10D0EF83-A936-4E72-AD0B-B984C3DB347D}.Release|Any CPU.Build.0 = Release|Any CPU
		{CC51AAE6-5088-4AF3-AC64-5B066D1D1647}.Debug|Any CPU.ActiveCfg = Debug|Any CPU
		{CC51AAE6-5088-4AF3-AC64-5B066D1D1647}.Debug|Any CPU.Build.0 = Debug|Any CPU
		{CC51AAE6-5088-4AF3-AC64-5B066D1D1647}.Release|Any CPU.ActiveCfg = Release|Any CPU
		{CC51AAE6-5088-4AF3-AC64-5B066D1D1647}.Release|Any CPU.Build.0 = Release|Any CPU
		{DD1A3693-FFC0-48E3-8730-F1111A6CFFBB}.Debug|Any CPU.ActiveCfg = Debug|Any CPU
		{DD1A3693-FFC0-48E3-8730-F1111A6CFFBB}.Debug|Any CPU.Build.0 = Debug|Any CPU
		{DD1A3693-FFC0-48E3-8730-F1111A6CFFBB}.Release|Any CPU.ActiveCfg = Release|Any CPU
		{DD1A3693-FFC0-48E3-8730-F1111A6CFFBB}.Release|Any CPU.Build.0 = Release|Any CPU
		{E0BE3AEC-FF33-4831-9759-0EB3076636EA}.Debug|Any CPU.ActiveCfg = Debug|Any CPU
		{E0BE3AEC-FF33-4831-9759-0EB3076636EA}.Debug|Any CPU.Build.0 = Debug|Any CPU
		{E0BE3AEC-FF33-4831-9759-0EB3076636EA}.Release|Any CPU.ActiveCfg = Release|Any CPU
		{E0BE3AEC-FF33-4831-9759-0EB3076636EA}.Release|Any CPU.Build.0 = Release|Any CPU
		{9B870FD2-8D50-456A-A37D-043A3149291C}.Debug|Any CPU.ActiveCfg = Debug|Any CPU
		{9B870FD2-8D50-456A-A37D-043A3149291C}.Debug|Any CPU.Build.0 = Debug|Any CPU
		{9B870FD2-8D50-456A-A37D-043A3149291C}.Release|Any CPU.ActiveCfg = Release|Any CPU
		{9B870FD2-8D50-456A-A37D-043A3149291C}.Release|Any CPU.Build.0 = Release|Any CPU
	EndGlobalSection
	GlobalSection(SolutionProperties) = preSolution
		HideSolutionNode = FALSE
	EndGlobalSection
	GlobalSection(ExtensibilityGlobals) = postSolution
		SolutionGuid = {206399B7-001E-4EB8-9178-1755729A9229}
	EndGlobalSection
EndGlobal
